
Microsoft Visual Studio Solution File, Format Version 12.00
# Visual Studio Version 16
VisualStudioVersion = 16.0.30204.135
MinimumVisualStudioVersion = 10.0.40219.1
Project("{FAE04EC0-301F-11D3-BF4B-00C04F79EFBC}") = "CompanySys", "CompanySys\CompanySys.csproj", "{800E59D4-BE15-4D6E-9BD0-86311743EF39}"
EndProject
Global
	GlobalSection(SolutionConfigurationPlatforms) = preSolution
		Debug|Any CPU = Debug|Any CPU
		Release|Any CPU = Release|Any CPU
	EndGlobalSection
	GlobalSection(ProjectConfigurationPlatforms) = postSolution
		{800E59D4-BE15-4D6E-9BD0-86311743EF39}.Debug|Any CPU.ActiveCfg = Debug|Any CPU
		{800E59D4-BE15-4D6E-9BD0-86311743EF39}.Debug|Any CPU.Build.0 = Debug|Any CPU
		{800E59D4-BE15-4D6E-9BD0-86311743EF39}.Release|Any CPU.ActiveCfg = Release|Any CPU
		{800E59D4-BE15-4D6E-9BD0-86311743EF39}.Release|Any CPU.Build.0 = Release|Any CPU
	EndGlobalSection
	GlobalSection(SolutionProperties) = preSolution
		HideSolutionNode = FALSE
	EndGlobalSection
	GlobalSection(ExtensibilityGlobals) = postSolution
		SolutionGuid = {D0C9EB3B-764B-4A0D-8447-50339DF00070}
	EndGlobalSection
EndGlobal
